
Microsoft Visual Studio Solution File, Format Version 12.00
# Visual Studio Version 17
VisualStudioVersion = 17.3.32922.545
MinimumVisualStudioVersion = 10.0.40219.1
Project("{9A19103F-16F7-4668-BE54-9A1E7A4F7556}") = "PBL6.BookStore.Models", "PBL6.BookStore.Models\PBL6.BookStore.Models.csproj", "{E85C9523-4D63-4F49-8E05-6D7F025E5712}"
EndProject
Project("{9A19103F-16F7-4668-BE54-9A1E7A4F7556}") = "DAL", "DAL\DAL.csproj", "{1D7F83EA-8AB0-4627-A839-B59B9EBB4172}"
EndProject
Project("{9A19103F-16F7-4668-BE54-9A1E7A4F7556}") = "Builder.Book", "Builder.Book\Builder.Book.csproj", "{6BB48508-43E7-4E3A-B67D-10650E18C49D}"
EndProject
Project("{9A19103F-16F7-4668-BE54-9A1E7A4F7556}") = "Builder.Order", "Builder.Order\Builder.Order.csproj", "{716CD6DA-FD91-404E-9ED3-95C82F8C8338}"
EndProject
Project("{9A19103F-16F7-4668-BE54-9A1E7A4F7556}") = "Builder.Account", "Builder.Account\Builder.Account.csproj", "{F39915C6-5FD0-4F12-B6EB-3F875C43ADCA}"
EndProject
Project("{9A19103F-16F7-4668-BE54-9A1E7A4F7556}") = "ServiceBook", "Service.Book\ServiceBook.csproj", "{EB74EC4A-2915-4150-A9D3-5090ED32DDAC}"
EndProject
Project("{9A19103F-16F7-4668-BE54-9A1E7A4F7556}") = "ServiceOrder", "Service.Order\ServiceOrder.csproj", "{08249881-9955-4A65-B634-A223E28084FF}"
EndProject
Project("{9A19103F-16F7-4668-BE54-9A1E7A4F7556}") = "ServiceAccount", "Service.Account\ServiceAccount.csproj", "{ADF335D8-7B41-4C86-AF6A-995C260A73A6}"
EndProject
Global
	GlobalSection(SolutionConfigurationPlatforms) = preSolution
		Debug|Any CPU = Debug|Any CPU
		Release|Any CPU = Release|Any CPU
	EndGlobalSection
	GlobalSection(ProjectConfigurationPlatforms) = postSolution
		{E85C9523-4D63-4F49-8E05-6D7F025E5712}.Debug|Any CPU.ActiveCfg = Debug|Any CPU
		{E85C9523-4D63-4F49-8E05-6D7F025E5712}.Debug|Any CPU.Build.0 = Debug|Any CPU
		{E85C9523-4D63-4F49-8E05-6D7F025E5712}.Release|Any CPU.ActiveCfg = Release|Any CPU
		{E85C9523-4D63-4F49-8E05-6D7F025E5712}.Release|Any CPU.Build.0 = Release|Any CPU
		{1D7F83EA-8AB0-4627-A839-B59B9EBB4172}.Debug|Any CPU.ActiveCfg = Debug|Any CPU
		{1D7F83EA-8AB0-4627-A839-B59B9EBB4172}.Debug|Any CPU.Build.0 = Debug|Any CPU
		{1D7F83EA-8AB0-4627-A839-B59B9EBB4172}.Release|Any CPU.ActiveCfg = Release|Any CPU
		{1D7F83EA-8AB0-4627-A839-B59B9EBB4172}.Release|Any CPU.Build.0 = Release|Any CPU
		{6BB48508-43E7-4E3A-B67D-10650E18C49D}.Debug|Any CPU.ActiveCfg = Debug|Any CPU
		{6BB48508-43E7-4E3A-B67D-10650E18C49D}.Debug|Any CPU.Build.0 = Debug|Any CPU
		{6BB48508-43E7-4E3A-B67D-10650E18C49D}.Release|Any CPU.ActiveCfg = Release|Any CPU
		{6BB48508-43E7-4E3A-B67D-10650E18C49D}.Release|Any CPU.Build.0 = Release|Any CPU
		{716CD6DA-FD91-404E-9ED3-95C82F8C8338}.Debug|Any CPU.ActiveCfg = Debug|Any CPU
		{716CD6DA-FD91-404E-9ED3-95C82F8C8338}.Debug|Any CPU.Build.0 = Debug|Any CPU
		{716CD6DA-FD91-404E-9ED3-95C82F8C8338}.Release|Any CPU.ActiveCfg = Release|Any CPU
		{716CD6DA-FD91-404E-9ED3-95C82F8C8338}.Release|Any CPU.Build.0 = Release|Any CPU
		{F39915C6-5FD0-4F12-B6EB-3F875C43ADCA}.Debug|Any CPU.ActiveCfg = Debug|Any CPU
		{F39915C6-5FD0-4F12-B6EB-3F875C43ADCA}.Debug|Any CPU.Build.0 = Debug|Any CPU
		{F39915C6-5FD0-4F12-B6EB-3F875C43ADCA}.Release|Any CPU.ActiveCfg = Release|Any CPU
		{F39915C6-5FD0-4F12-B6EB-3F875C43ADCA}.Release|Any CPU.Build.0 = Release|Any CPU
		{EB74EC4A-2915-4150-A9D3-5090ED32DDAC}.Debug|Any CPU.ActiveCfg = Debug|Any CPU
		{EB74EC4A-2915-4150-A9D3-5090ED32DDAC}.Debug|Any CPU.Build.0 = Debug|Any CPU
		{EB74EC4A-2915-4150-A9D3-5090ED32DDAC}.Release|Any CPU.ActiveCfg = Release|Any CPU
		{EB74EC4A-2915-4150-A9D3-5090ED32DDAC}.Release|Any CPU.Build.0 = Release|Any CPU
		{08249881-9955-4A65-B634-A223E28084FF}.Debug|Any CPU.ActiveCfg = Debug|Any CPU
		{08249881-9955-4A65-B634-A223E28084FF}.Debug|Any CPU.Build.0 = Debug|Any CPU
		{08249881-9955-4A65-B634-A223E28084FF}.Release|Any CPU.ActiveCfg = Release|Any CPU
		{08249881-9955-4A65-B634-A223E28084FF}.Release|Any CPU.Build.0 = Release|Any CPU
		{ADF335D8-7B41-4C86-AF6A-995C260A73A6}.Debug|Any CPU.ActiveCfg = Debug|Any CPU
		{ADF335D8-7B41-4C86-AF6A-995C260A73A6}.Debug|Any CPU.Build.0 = Debug|Any CPU
		{ADF335D8-7B41-4C86-AF6A-995C260A73A6}.Release|Any CPU.ActiveCfg = Release|Any CPU
		{ADF335D8-7B41-4C86-AF6A-995C260A73A6}.Release|Any CPU.Build.0 = Release|Any CPU
	EndGlobalSection
	GlobalSection(SolutionProperties) = preSolution
		HideSolutionNode = FALSE
	EndGlobalSection
	GlobalSection(ExtensibilityGlobals) = postSolution
		SolutionGuid = {41161D43-7846-4A68-A19A-51DD8DD83616}
	EndGlobalSection
EndGlobal
